
Microsoft Visual Studio Solution File, Format Version 12.00
# Visual Studio Version 17
VisualStudioVersion = 17.6.33829.357
MinimumVisualStudioVersion = 10.0.40219.1
Project("{FAE04EC0-301F-11D3-BF4B-00C04F79EFBC}") = "DnD_Test", "DnD_Test\DnD_Test.csproj", "{44619DD1-7062-43CC-B5D5-98C64AFB1244}"
EndProject
Global
	GlobalSection(SolutionConfigurationPlatforms) = preSolution
		Debug|ARM64 = Debug|ARM64
		Debug|x64 = Debug|x64
		Debug|x86 = Debug|x86
		Release|ARM64 = Release|ARM64
		Release|x64 = Release|x64
		Release|x86 = Release|x86
	EndGlobalSection
	GlobalSection(ProjectConfigurationPlatforms) = postSolution
		{44619DD1-7062-43CC-B5D5-98C64AFB1244}.Debug|ARM64.ActiveCfg = Debug|ARM64
		{44619DD1-7062-43CC-B5D5-98C64AFB1244}.Debug|ARM64.Build.0 = Debug|ARM64
		{44619DD1-7062-43CC-B5D5-98C64AFB1244}.Debug|ARM64.Deploy.0 = Debug|ARM64
		{44619DD1-7062-43CC-B5D5-98C64AFB1244}.Debug|x64.ActiveCfg = Debug|x64
		{44619DD1-7062-43CC-B5D5-98C64AFB1244}.Debug|x64.Build.0 = Debug|x64
		{44619DD1-7062-43CC-B5D5-98C64AFB1244}.Debug|x64.Deploy.0 = Debug|x64
		{44619DD1-7062-43CC-B5D5-98C64AFB1244}.Debug|x86.ActiveCfg = Debug|x86
		{44619DD1-7062-43CC-B5D5-98C64AFB1244}.Debug|x86.Build.0 = Debug|x86
		{44619DD1-7062-43CC-B5D5-98C64AFB1244}.Debug|x86.Deploy.0 = Debug|x86
		{44619DD1-7062-43CC-B5D5-98C64AFB1244}.Release|ARM64.ActiveCfg = Release|ARM64
		{44619DD1-7062-43CC-B5D5-98C64AFB1244}.Release|ARM64.Build.0 = Release|ARM64
		{44619DD1-7062-43CC-B5D5-98C64AFB1244}.Release|ARM64.Deploy.0 = Release|ARM64
		{44619DD1-7062-43CC-B5D5-98C64AFB1244}.Release|x64.ActiveCfg = Release|x64
		{44619DD1-7062-43CC-B5D5-98C64AFB1244}.Release|x64.Build.0 = Release|x64
		{44619DD1-7062-43CC-B5D5-98C64AFB1244}.Release|x64.Deploy.0 = Release|x64
		{44619DD1-7062-43CC-B5D5-98C64AFB1244}.Release|x86.ActiveCfg = Release|x86
		{44619DD1-7062-43CC-B5D5-98C64AFB1244}.Release|x86.Build.0 = Release|x86
		{44619DD1-7062-43CC-B5D5-98C64AFB1244}.Release|x86.Deploy.0 = Release|x86
	EndGlobalSection
	GlobalSection(SolutionProperties) = preSolution
		HideSolutionNode = FALSE
	EndGlobalSection
	GlobalSection(ExtensibilityGlobals) = postSolution
		SolutionGuid = {CBDEF9D9-6ED0-4DBF-B2AA-30F47E739AB0}
	EndGlobalSection
EndGlobal
